
Microsoft Visual Studio Solution File, Format Version 12.00
# Visual Studio Version 16
VisualStudioVersion = 16.0.29215.179
MinimumVisualStudioVersion = 10.0.40219.1
Project("{FAE04EC0-301F-11D3-BF4B-00C04F79EFBC}") = "Static Gitbash", "Static Gitbash.csproj", "{2D5A4C60-DF15-482D-B814-FFB90428A61E}"
EndProject
Global
	GlobalSection(SolutionConfigurationPlatforms) = preSolution
		Debug|Any CPU = Debug|Any CPU
		Release|Any CPU = Release|Any CPU
	EndGlobalSection
	GlobalSection(ProjectConfigurationPlatforms) = postSolution
		{2D5A4C60-DF15-482D-B814-FFB90428A61E}.Debug|Any CPU.ActiveCfg = Debug|Any CPU
		{2D5A4C60-DF15-482D-B814-FFB90428A61E}.Debug|Any CPU.Build.0 = Debug|Any CPU
		{2D5A4C60-DF15-482D-B814-FFB90428A61E}.Release|Any CPU.ActiveCfg = Release|Any CPU
		{2D5A4C60-DF15-482D-B814-FFB90428A61E}.Release|Any CPU.Build.0 = Release|Any CPU
	EndGlobalSection
	GlobalSection(SolutionProperties) = preSolution
		HideSolutionNode = FALSE
	EndGlobalSection
	GlobalSection(ExtensibilityGlobals) = postSolution
		SolutionGuid = {E6266336-3720-4454-B72F-21955AF18EE2}
	EndGlobalSection
EndGlobal
