
Microsoft Visual Studio Solution File, Format Version 12.00
# Visual Studio Version 16
VisualStudioVersion = 16.0.29215.179
MinimumVisualStudioVersion = 10.0.40219.1
Project("{9A19103F-16F7-4668-BE54-9A1E7A4F7556}") = "Static Gitbash", "Static Gitbash.csproj", "{2D5A4C60-DF15-482D-B814-FFB90428A61E}"
EndProject
Project("{2150E333-8FDC-42A3-9474-1A3956D46DE8}") = "Solution Items", "Solution Items", "{BFCA8143-9290-4529-9E6D-2BF212861A36}"
	ProjectSection(SolutionItems) = preProject
		Class1.cs = Class1.cs
	EndProjectSection
EndProject
Global
	GlobalSection(SolutionConfigurationPlatforms) = preSolution
		Debug|Any CPU = Debug|Any CPU
		Release|Any CPU = Release|Any CPU
	EndGlobalSection
	GlobalSection(ProjectConfigurationPlatforms) = postSolution
		{2D5A4C60-DF15-482D-B814-FFB90428A61E}.Debug|Any CPU.ActiveCfg = Debug|Any CPU
		{2D5A4C60-DF15-482D-B814-FFB90428A61E}.Debug|Any CPU.Build.0 = Debug|Any CPU
		{2D5A4C60-DF15-482D-B814-FFB90428A61E}.Release|Any CPU.ActiveCfg = Release|Any CPU
		{2D5A4C60-DF15-482D-B814-FFB90428A61E}.Release|Any CPU.Build.0 = Release|Any CPU
	EndGlobalSection
	GlobalSection(SolutionProperties) = preSolution
		HideSolutionNode = FALSE
	EndGlobalSection
	GlobalSection(ExtensibilityGlobals) = postSolution
		SolutionGuid = {E6266336-3720-4454-B72F-21955AF18EE2}
	EndGlobalSection
EndGlobal
